
Microsoft Visual Studio Solution File, Format Version 12.00
# Visual Studio Version 17
VisualStudioVersion = 17.7.34202.233
MinimumVisualStudioVersion = 10.0.40219.1
Project("{FAE04EC0-301F-11D3-BF4B-00C04F79EFBC}") = "AppServer", "AppServer\AppServer.csproj", "{94A6EED2-C1DC-4CC3-9747-252BB74C3FC9}"
EndProject
Global
	GlobalSection(SolutionConfigurationPlatforms) = preSolution
		Debug|Any CPU = Debug|Any CPU
		Release|Any CPU = Release|Any CPU
	EndGlobalSection
	GlobalSection(ProjectConfigurationPlatforms) = postSolution
		{94A6EED2-C1DC-4CC3-9747-252BB74C3FC9}.Debug|Any CPU.ActiveCfg = Debug|Any CPU
		{94A6EED2-C1DC-4CC3-9747-252BB74C3FC9}.Debug|Any CPU.Build.0 = Debug|Any CPU
		{94A6EED2-C1DC-4CC3-9747-252BB74C3FC9}.Release|Any CPU.ActiveCfg = Release|Any CPU
		{94A6EED2-C1DC-4CC3-9747-252BB74C3FC9}.Release|Any CPU.Build.0 = Release|Any CPU
	EndGlobalSection
	GlobalSection(SolutionProperties) = preSolution
		HideSolutionNode = FALSE
	EndGlobalSection
	GlobalSection(ExtensibilityGlobals) = postSolution
		SolutionGuid = {532E0BDB-B398-45FC-B491-E9418E961209}
	EndGlobalSection
EndGlobal
